
Microsoft Visual Studio Solution File, Format Version 12.00
# Visual Studio 15
VisualStudioVersion = 15.0.28307.329
MinimumVisualStudioVersion = 10.0.40219.1
Project("{FAE04EC0-301F-11D3-BF4B-00C04F79EFBC}") = "ShoppingOL", "ShoppingOL\ShoppingOL.csproj", "{842EAD64-0ACD-4B9A-B6F8-AF3A71F6255A}"
EndProject
Global
	GlobalSection(SolutionConfigurationPlatforms) = preSolution
		Debug|Any CPU = Debug|Any CPU
		Release|Any CPU = Release|Any CPU
	EndGlobalSection
	GlobalSection(ProjectConfigurationPlatforms) = postSolution
		{842EAD64-0ACD-4B9A-B6F8-AF3A71F6255A}.Debug|Any CPU.ActiveCfg = Debug|Any CPU
		{842EAD64-0ACD-4B9A-B6F8-AF3A71F6255A}.Debug|Any CPU.Build.0 = Debug|Any CPU
		{842EAD64-0ACD-4B9A-B6F8-AF3A71F6255A}.Release|Any CPU.ActiveCfg = Release|Any CPU
		{842EAD64-0ACD-4B9A-B6F8-AF3A71F6255A}.Release|Any CPU.Build.0 = Release|Any CPU
	EndGlobalSection
	GlobalSection(SolutionProperties) = preSolution
		HideSolutionNode = FALSE
	EndGlobalSection
	GlobalSection(ExtensibilityGlobals) = postSolution
		SolutionGuid = {1326637B-C1C7-43DD-A6E4-963D91FAB818}
	EndGlobalSection
EndGlobal
